
Microsoft Visual Studio Solution File, Format Version 12.00
# Visual Studio Version 17
VisualStudioVersion = 17.7.34221.43
MinimumVisualStudioVersion = 10.0.40219.1
Project("{FAE04EC0-301F-11D3-BF4B-00C04F79EFBC}") = "quanlykhachsan", "quanlykhachsan\quanlykhachsan.csproj", "{3793E357-3583-4371-AD53-5D92B86CEF95}"
EndProject
Global
	GlobalSection(SolutionConfigurationPlatforms) = preSolution
		Debug|Any CPU = Debug|Any CPU
		Release|Any CPU = Release|Any CPU
	EndGlobalSection
	GlobalSection(ProjectConfigurationPlatforms) = postSolution
		{3793E357-3583-4371-AD53-5D92B86CEF95}.Debug|Any CPU.ActiveCfg = Debug|Any CPU
		{3793E357-3583-4371-AD53-5D92B86CEF95}.Debug|Any CPU.Build.0 = Debug|Any CPU
		{3793E357-3583-4371-AD53-5D92B86CEF95}.Release|Any CPU.ActiveCfg = Release|Any CPU
		{3793E357-3583-4371-AD53-5D92B86CEF95}.Release|Any CPU.Build.0 = Release|Any CPU
	EndGlobalSection
	GlobalSection(SolutionProperties) = preSolution
		HideSolutionNode = FALSE
	EndGlobalSection
	GlobalSection(ExtensibilityGlobals) = postSolution
		SolutionGuid = {893F702A-2AC6-44CB-AB0E-A1105AB65A68}
	EndGlobalSection
EndGlobal
