
Microsoft Visual Studio Solution File, Format Version 12.00
# Visual Studio Version 17
VisualStudioVersion = 17.5.002.0
MinimumVisualStudioVersion = 10.0.40219.1
Project("{9A19103F-16F7-4668-BE54-9A1E7A4F7556}") = "quanlykhachsan", "quanlykhachsan.csproj", "{8971BC75-571D-4CE9-BA2D-CCD94B4F08D6}"
EndProject
Global
	GlobalSection(SolutionConfigurationPlatforms) = preSolution
		Debug|Any CPU = Debug|Any CPU
		Release|Any CPU = Release|Any CPU
	EndGlobalSection
	GlobalSection(ProjectConfigurationPlatforms) = postSolution
		{8971BC75-571D-4CE9-BA2D-CCD94B4F08D6}.Debug|Any CPU.ActiveCfg = Debug|Any CPU
		{8971BC75-571D-4CE9-BA2D-CCD94B4F08D6}.Debug|Any CPU.Build.0 = Debug|Any CPU
		{8971BC75-571D-4CE9-BA2D-CCD94B4F08D6}.Release|Any CPU.ActiveCfg = Release|Any CPU
		{8971BC75-571D-4CE9-BA2D-CCD94B4F08D6}.Release|Any CPU.Build.0 = Release|Any CPU
	EndGlobalSection
	GlobalSection(SolutionProperties) = preSolution
		HideSolutionNode = FALSE
	EndGlobalSection
	GlobalSection(ExtensibilityGlobals) = postSolution
		SolutionGuid = {7E980C03-64B6-4590-8025-A72BD6BC7730}
	EndGlobalSection
EndGlobal
